version: 6
environments:
  default:
    channels:
    - url: https://conda.anaconda.org/conda-forge/
    packages:
      linux-64:
      - conda: https://conda.anaconda.org/conda-forge/linux-64/_openmp_mutex-4.5-20_gnu.conda
      - conda: https://conda.anaconda.org/conda-forge/linux-64/binutils-2.45.1-default_h4852527_102.conda
      - conda: https://conda.anaconda.org/conda-forge/linux-64/binutils_impl_linux-64-2.45.1-default_hfdba357_102.conda
      - conda: https://conda.anaconda.org/conda-forge/linux-64/clang-22-22.1.4-default_h99862b1_0.conda
      - conda: https://conda.anaconda.org/conda-forge/linux-64/clang-22.1.4-default_cfg_hcbb2b3e_0.conda
      - conda: https://conda.anaconda.org/conda-forge/linux-64/clang-format-22-22.1.4-default_h99862b1_0.conda
      - conda: https://conda.anaconda.org/conda-forge/linux-64/clang-format-22.1.4-default_h99862b1_0.conda
      - conda: https://conda.anaconda.org/conda-forge/linux-64/clang-tools-22.1.4-default_h99862b1_0.conda
      - conda: https://conda.anaconda.org/conda-forge/linux-64/clang_impl_linux-64-22.1.4-default_h0a60c25_0.conda
      - conda: https://conda.anaconda.org/conda-forge/linux-64/compiler-rt-22.1.4-ha770c72_0.conda
      - conda: https://conda.anaconda.org/conda-forge/linux-64/compiler-rt22-22.1.4-hb700be7_0.conda
      - conda: https://conda.anaconda.org/conda-forge/noarch/compiler-rt22_linux-64-22.1.4-hffcefe0_0.conda
      - conda: https://conda.anaconda.org/conda-forge/noarch/compiler-rt_linux-64-22.1.4-ha770c72_0.conda
      - conda: https://conda.anaconda.org/conda-forge/linux-64/icu-78.3-h33c6efd_0.conda
      - conda: https://conda.anaconda.org/conda-forge/noarch/kernel-headers_linux-64-4.18.0-he073ed8_9.conda
      - conda: https://conda.anaconda.org/conda-forge/linux-64/ld_impl_linux-64-2.45.1-default_hbd61a6d_102.conda
      - conda: https://conda.anaconda.org/conda-forge/linux-64/libclang-cpp22.1-22.1.4-default_h99862b1_0.conda
      - conda: https://conda.anaconda.org/conda-forge/linux-64/libclang13-22.1.4-default_h746c552_0.conda
      - conda: https://conda.anaconda.org/conda-forge/linux-64/libcompiler-rt-22.1.4-hb700be7_0.conda
      - conda: https://conda.anaconda.org/conda-forge/linux-64/libgcc-15.2.0-he0feb66_18.conda
      - conda: https://conda.anaconda.org/conda-forge/noarch/libgcc-devel_linux-64-15.2.0-hcc6f6b0_118.conda
      - conda: https://conda.anaconda.org/conda-forge/linux-64/libgomp-15.2.0-he0feb66_18.conda
      - conda: https://conda.anaconda.org/conda-forge/linux-64/libiconv-1.18-h3b78370_2.conda
      - conda: https://conda.anaconda.org/conda-forge/linux-64/libllvm22-22.1.4-hf7376ad_0.conda
      - conda: https://conda.anaconda.org/conda-forge/linux-64/liblzma-5.8.3-hb03c661_0.conda
      - conda: https://conda.anaconda.org/conda-forge/linux-64/libstdcxx-15.2.0-h934c35e_18.conda
      - conda: https://conda.anaconda.org/conda-forge/linux-64/libxml2-16-2.15.3-hca6bf5a_0.conda
      - conda: https://conda.anaconda.org/conda-forge/linux-64/libxml2-2.15.3-h49c6c72_0.conda
      - conda: https://conda.anaconda.org/conda-forge/linux-64/libzlib-1.3.2-h25fd6f3_2.conda
      - conda: https://conda.anaconda.org/conda-forge/linux-64/llvm-openmp-22.1.4-h4922eb0_0.conda
      - conda: https://conda.anaconda.org/conda-forge/noarch/sysroot_linux-64-2.28-h4ee821c_9.conda
      - conda: https://conda.anaconda.org/conda-forge/noarch/tzdata-2025c-hc9c84f9_1.conda
      - conda: https://conda.anaconda.org/conda-forge/linux-64/zstd-1.5.7-hb78ec9c_6.conda
packages:
- conda: https://conda.anaconda.org/conda-forge/linux-64/_openmp_mutex-4.5-20_gnu.conda
  build_number: 20
  sha256: 1dd3fffd892081df9726d7eb7e0dea6198962ba775bd88842135a4ddb4deb3c9
  md5: a9f577daf3de00bca7c3c76c0ecbd1de
  depends:
  - __glibc >=2.17,<3.0.a0
  - libgomp >=7.5.0
  constrains:
  - openmp_impl <0.0a0
  license: BSD-3-Clause
  license_family: BSD
  size: 28948
  timestamp: 1770939786096
- conda: https://conda.anaconda.org/conda-forge/linux-64/binutils-2.45.1-default_h4852527_102.conda
  sha256: 3c7c5580c1720206f28b7fa3d60d17986b3f32465e63009c14c9ae1ea64f926c
  md5: 212fe5f1067445544c99dc1c847d032c
  depends:
  - binutils_impl_linux-64 >=2.45.1,<2.45.2.0a0
  license: GPL-3.0-only
  license_family: GPL
  size: 35436
  timestamp: 1774197482571
- conda: https://conda.anaconda.org/conda-forge/linux-64/binutils_impl_linux-64-2.45.1-default_hfdba357_102.conda
  sha256: 0a7d405064f53b9d91d92515f1460f7906ee5e8523f3cd8973430e81219f4917
  md5: 8165352fdce2d2025bf884dc0ee85700
  depends:
  - ld_impl_linux-64 2.45.1 default_hbd61a6d_102
  - sysroot_linux-64
  - zstd >=1.5.7,<1.6.0a0
  license: GPL-3.0-only
  license_family: GPL
  size: 3661455
  timestamp: 1774197460085
- conda: https://conda.anaconda.org/conda-forge/linux-64/clang-22.1.4-default_cfg_hcbb2b3e_0.conda
  sha256: dac1e2a17a4d03dbed2fd1f251b51a02b7fe32d77b0b396f22fcc5f2096c673c
  md5: b5ed3f109c13a0c3a0d16cfd4ba56207
  depends:
  - binutils
  - clang-22 22.1.4 default_h99862b1_0
  - clang_impl_linux-64 22.1.4 default_h0a60c25_0
  - libgcc-devel_linux-64
  - llvm-openmp >=22.1.4
  - sysroot_linux-64
  license: Apache-2.0 WITH LLVM-exception
  license_family: Apache
  size: 28191
  timestamp: 1776922707898
- conda: https://conda.anaconda.org/conda-forge/linux-64/clang-22-22.1.4-default_h99862b1_0.conda
  sha256: e1a8b412f43832891b0461760f9114f7a1a3b6a314e10a46f2a89f1a9473ba04
  md5: af62a0dd817aee961e4e46825207105f
  depends:
  - __glibc >=2.17,<3.0.a0
  - compiler-rt22 22.1.4.*
  - libclang-cpp22.1 22.1.4 default_h99862b1_0
  - libgcc >=14
  - libllvm22 >=22.1.4,<22.2.0a0
  - libstdcxx >=14
  license: Apache-2.0 WITH LLVM-exception
  license_family: Apache
  size: 835699
  timestamp: 1776922640948
- conda: https://conda.anaconda.org/conda-forge/linux-64/clang-format-22.1.4-default_h99862b1_0.conda
  sha256: f213b1434be7e934160f6fb0b1972a0a62c89c9d7ad9aed0f4c77875e89ad384
  md5: ed97c93201d49033b02b1b239d09ed6f
  depends:
  - __glibc >=2.17,<3.0.a0
  - clang-format-22 22.1.4 default_h99862b1_0
  - libclang-cpp22.1 >=22.1.4,<22.2.0a0
  - libgcc >=14
  - libllvm22 >=22.1.4,<22.2.0a0
  - libstdcxx >=14
  license: Apache-2.0 WITH LLVM-exception
  license_family: Apache
  size: 28176
  timestamp: 1776922876751
- conda: https://conda.anaconda.org/conda-forge/linux-64/clang-format-22-22.1.4-default_h99862b1_0.conda
  sha256: d8eac85fd966dfa6f5a66daad17e03731dd67537761d71cf6eb4f19542c216ef
  md5: 8e0806a3ab7201d12abb2c16d50ba2d9
  depends:
  - __glibc >=2.17,<3.0.a0
  - libclang-cpp22.1 >=22.1.4,<22.2.0a0
  - libgcc >=14
  - libllvm22 >=22.1.4,<22.2.0a0
  - libstdcxx >=14
  license: Apache-2.0 WITH LLVM-exception
  license_family: Apache
  size: 70215
  timestamp: 1776922842489
- conda: https://conda.anaconda.org/conda-forge/linux-64/clang-tools-22.1.4-default_h99862b1_0.conda
  sha256: a4222bab5789e4b2271f277ec16519bc52f7ce0d1e08daea224d102756fc7543
  md5: 4b9743c06d69cc1be7865757c5ad562d
  depends:
  - __glibc >=2.17,<3.0.a0
  - clang-format 22.1.4 default_h99862b1_0
  - libclang-cpp22.1 >=22.1.4,<22.2.0a0
  - libclang13 >=22.1.4
  - libgcc >=14
  - libllvm22 >=22.1.4,<22.2.0a0
  - libstdcxx >=14
  - libxml2
  - libxml2-16 >=2.14.6
  constrains:
  - clangdev 22.1.4
  license: Apache-2.0 WITH LLVM-exception
  license_family: Apache
  size: 10695237
  timestamp: 1776922905748
- conda: https://conda.anaconda.org/conda-forge/linux-64/clang_impl_linux-64-22.1.4-default_h0a60c25_0.conda
  sha256: a036e4f97cde20b6bd234408ed2908a5c71de25d8d4f3c79546cbe05b5285d8a
  md5: c4151d1a0ecc2f684e16e455593c6b95
  depends:
  - binutils_impl_linux-64
  - clang-22 22.1.4 default_h99862b1_0
  - compiler-rt 22.1.4.*
  - compiler-rt_linux-64
  - libgcc-devel_linux-64
  - sysroot_linux-64
  license: Apache-2.0 WITH LLVM-exception
  license_family: Apache
  size: 27724
  timestamp: 1776922689996
- conda: https://conda.anaconda.org/conda-forge/linux-64/compiler-rt-22.1.4-ha770c72_0.conda
  sha256: 00c75e1be2a92f1d14755e18945b867693428a635949faf9a62cc338ca1bb586
  md5: e4e3d3ebf7a337e3f5d1aa27b25878a7
  depends:
  - compiler-rt22 22.1.4 hb700be7_0
  - libcompiler-rt 22.1.4 hb700be7_0
  constrains:
  - clang 22.1.4
  license: Apache-2.0 WITH LLVM-exception
  license_family: APACHE
  size: 16504
  timestamp: 1776836316117
- conda: https://conda.anaconda.org/conda-forge/linux-64/compiler-rt22-22.1.4-hb700be7_0.conda
  sha256: ce0d2143cd24c28dbc47a2de0caab3462a2624a9c84a6c35bcb3f1c941e40e57
  md5: 99c9b5f4a70bc7b5edc9aa3ee2473ac2
  depends:
  - __glibc >=2.17,<3.0.a0
  - compiler-rt22_linux-64 22.1.4.*
  - libgcc >=14
  - libstdcxx >=14
  license: Apache-2.0 WITH LLVM-exception
  license_family: APACHE
  size: 115306
  timestamp: 1776836315126
- conda: https://conda.anaconda.org/conda-forge/noarch/compiler-rt22_linux-64-22.1.4-hffcefe0_0.conda
  sha256: b9891665f4dd01ea5a3d1ac02b1b0c4fe2ea4b785a3f1d368a911a98555a963e
  md5: c2e5f42a5484879abd616bc8065a81a0
  constrains:
  - compiler-rt >=9.0.1
  license: Apache-2.0 WITH LLVM-exception
  license_family: APACHE
  size: 48006150
  timestamp: 1776836207606
- conda: https://conda.anaconda.org/conda-forge/noarch/compiler-rt_linux-64-22.1.4-ha770c72_0.conda
  sha256: ec444f1eb6c8de21df056b193c28be0f092322d3a3a2cc74010525f13fd73f8b
  md5: e51f86d6e1ff13b15b0738d23dc9f8d3
  depends:
  - compiler-rt22_linux-64 22.1.4 hffcefe0_0
  constrains:
  - clang 22.1.4
  license: Apache-2.0 WITH LLVM-exception
  license_family: APACHE
  size: 16539
  timestamp: 1776836315811
- conda: https://conda.anaconda.org/conda-forge/linux-64/icu-78.3-h33c6efd_0.conda
  sha256: fbf86c4a59c2ed05bbffb2ba25c7ed94f6185ec30ecb691615d42342baa1a16a
  md5: c80d8a3b84358cb967fa81e7075fbc8a
  depends:
  - __glibc >=2.17,<3.0.a0
  - libgcc >=14
  - libstdcxx >=14
  license: MIT
  license_family: MIT
  size: 12723451
  timestamp: 1773822285671
- conda: https://conda.anaconda.org/conda-forge/noarch/kernel-headers_linux-64-4.18.0-he073ed8_9.conda
  sha256: 41557eeadf641de6aeae49486cef30d02a6912d8da98585d687894afd65b356a
  md5: 86d9cba083cd041bfbf242a01a7a1999
  constrains:
  - sysroot_linux-64 ==2.28
  license: LGPL-2.0-or-later AND LGPL-2.0-or-later WITH exceptions AND GPL-2.0-or-later
  license_family: GPL
  size: 1278712
  timestamp: 1765578681495
- conda: https://conda.anaconda.org/conda-forge/linux-64/ld_impl_linux-64-2.45.1-default_hbd61a6d_102.conda
  sha256: 3d584956604909ff5df353767f3a2a2f60e07d070b328d109f30ac40cd62df6c
  md5: 18335a698559cdbcd86150a48bf54ba6
  depends:
  - __glibc >=2.17,<3.0.a0
  - zstd >=1.5.7,<1.6.0a0
  constrains:
  - binutils_impl_linux-64 2.45.1
  license: GPL-3.0-only
  license_family: GPL
  size: 728002
  timestamp: 1774197446916
- conda: https://conda.anaconda.org/conda-forge/linux-64/libclang-cpp22.1-22.1.4-default_h99862b1_0.conda
  sha256: 7ac2c99e48cf850c4b0c2d556bb5368772b8fc795ea5a3e7216ac5d4f22b327b
  md5: fe7972688e6e3dd9b97d1fcce2d88235
  depends:
  - __glibc >=2.17,<3.0.a0
  - libgcc >=14
  - libllvm22 >=22.1.4,<22.2.0a0
  - libstdcxx >=14
  license: Apache-2.0 WITH LLVM-exception
  license_family: Apache
  size: 21634594
  timestamp: 1776922572207
- conda: https://conda.anaconda.org/conda-forge/linux-64/libclang13-22.1.4-default_h746c552_0.conda
  sha256: 05830902772b73bb9f0806eb45d43e0c4250452e028069234632db60d7e84793
  md5: 1a39f14c89cf0a54aee5ef6f679f1030
  depends:
  - __glibc >=2.17,<3.0.a0
  - libgcc >=14
  - libllvm22 >=22.1.4,<22.2.0a0
  - libstdcxx >=14
  license: Apache-2.0 WITH LLVM-exception
  license_family: Apache
  size: 12815684
  timestamp: 1776922765965
- conda: https://conda.anaconda.org/conda-forge/linux-64/libcompiler-rt-22.1.4-hb700be7_0.conda
  sha256: cc5302fa13b86a6e291083f558d1b82f944ce169c3fb9ce0c042f71f4d6aa02e
  md5: 56768e02532702c7b49985026cfd9802
  depends:
  - __glibc >=2.17,<3.0.a0
  - libgcc >=14
  - libstdcxx >=14
  constrains:
  - compiler-rt >=9.0.1
  license: Apache-2.0 WITH LLVM-exception
  license_family: APACHE
  size: 10868144
  timestamp: 1776836289501
- conda: https://conda.anaconda.org/conda-forge/linux-64/libgcc-15.2.0-he0feb66_18.conda
  sha256: faf7d2017b4d718951e3a59d081eb09759152f93038479b768e3d612688f83f5
  md5: 0aa00f03f9e39fb9876085dee11a85d4
  depends:
  - __glibc >=2.17,<3.0.a0
  - _openmp_mutex >=4.5
  constrains:
  - libgcc-ng ==15.2.0=*_18
  - libgomp 15.2.0 he0feb66_18
  license: GPL-3.0-only WITH GCC-exception-3.1
  license_family: GPL
  size: 1041788
  timestamp: 1771378212382
- conda: https://conda.anaconda.org/conda-forge/noarch/libgcc-devel_linux-64-15.2.0-hcc6f6b0_118.conda
  sha256: af69fc5852908d26e5b630b270982ac792506551dd6af1614bf0370dd5ab5746
  md5: 5d3a96d55f1be45fef88ee23155effd9
  depends:
  - __unix
  license: GPL-3.0-only WITH GCC-exception-3.1
  license_family: GPL
  size: 3085932
  timestamp: 1771378098166
- conda: https://conda.anaconda.org/conda-forge/linux-64/libgomp-15.2.0-he0feb66_18.conda
  sha256: 21337ab58e5e0649d869ab168d4e609b033509de22521de1bfed0c031bfc5110
  md5: 239c5e9546c38a1e884d69effcf4c882
  depends:
  - __glibc >=2.17,<3.0.a0
  license: GPL-3.0-only WITH GCC-exception-3.1
  license_family: GPL
  size: 603262
  timestamp: 1771378117851
- conda: https://conda.anaconda.org/conda-forge/linux-64/libiconv-1.18-h3b78370_2.conda
  sha256: c467851a7312765447155e071752d7bf9bf44d610a5687e32706f480aad2833f
  md5: 915f5995e94f60e9a4826e0b0920ee88
  depends:
  - __glibc >=2.17,<3.0.a0
  - libgcc >=14
  license: LGPL-2.1-only
  size: 790176
  timestamp: 1754908768807
- conda: https://conda.anaconda.org/conda-forge/linux-64/libllvm22-22.1.4-hf7376ad_0.conda
  sha256: 6cf83bb8084b4b305fd2d6da9e3ab42acc0a01b19d11c4d7e9766dad91afce49
  md5: 80a690c83cba58ba483b90a07e59e721
  depends:
  - __glibc >=2.17,<3.0.a0
  - libgcc >=14
  - libstdcxx >=14
  - libxml2
  - libxml2-16 >=2.14.6
  - libzlib >=1.3.2,<2.0a0
  - zstd >=1.5.7,<1.6.0a0
  license: Apache-2.0 WITH LLVM-exception
  license_family: Apache
  size: 44242661
  timestamp: 1776821554393
- conda: https://conda.anaconda.org/conda-forge/linux-64/liblzma-5.8.3-hb03c661_0.conda
  sha256: ec30e52a3c1bf7d0425380a189d209a52baa03f22fb66dd3eb587acaa765bd6d
  md5: b88d90cad08e6bc8ad540cb310a761fb
  depends:
  - __glibc >=2.17,<3.0.a0
  - libgcc >=14
  constrains:
  - xz 5.8.3.*
  license: 0BSD
  size: 113478
  timestamp: 1775825492909
- conda: https://conda.anaconda.org/conda-forge/linux-64/libstdcxx-15.2.0-h934c35e_18.conda
  sha256: 78668020064fdaa27e9ab65cd2997e2c837b564ab26ce3bf0e58a2ce1a525c6e
  md5: 1b08cd684f34175e4514474793d44bcb
  depends:
  - __glibc >=2.17,<3.0.a0
  - libgcc 15.2.0 he0feb66_18
  constrains:
  - libstdcxx-ng ==15.2.0=*_18
  license: GPL-3.0-only WITH GCC-exception-3.1
  license_family: GPL
  size: 5852330
  timestamp: 1771378262446
- conda: https://conda.anaconda.org/conda-forge/linux-64/libxml2-2.15.3-h49c6c72_0.conda
  sha256: 3bc5551720c58591f6ea1146f7d1539c734ed1c40e7b9f5cb8cb7e900c509aba
  md5: 995d8c8bad2a3cc8db14675a153dec2b
  depends:
  - __glibc >=2.17,<3.0.a0
  - icu >=78.3,<79.0a0
  - libgcc >=14
  - libiconv >=1.18,<2.0a0
  - liblzma >=5.8.3,<6.0a0
  - libxml2-16 2.15.3 hca6bf5a_0
  - libzlib >=1.3.2,<2.0a0
  license: MIT
  license_family: MIT
  size: 46810
  timestamp: 1776376751152
- conda: https://conda.anaconda.org/conda-forge/linux-64/libxml2-16-2.15.3-hca6bf5a_0.conda
  sha256: 3d44f737c5ae52d5af32682cc1530df433f401f8e58a7533926536244127572a
  md5: e79d2c2f24b027aa8d5ab1b1ba3061e7
  depends:
  - __glibc >=2.17,<3.0.a0
  - icu >=78.3,<79.0a0
  - libgcc >=14
  - libiconv >=1.18,<2.0a0
  - liblzma >=5.8.3,<6.0a0
  - libzlib >=1.3.2,<2.0a0
  constrains:
  - libxml2 2.15.3
  license: MIT
  license_family: MIT
  size: 559775
  timestamp: 1776376739004
- conda: https://conda.anaconda.org/conda-forge/linux-64/libzlib-1.3.2-h25fd6f3_2.conda
  sha256: 55044c403570f0dc26e6364de4dc5368e5f3fc7ff103e867c487e2b5ab2bcda9
  md5: d87ff7921124eccd67248aa483c23fec
  depends:
  - __glibc >=2.17,<3.0.a0
  constrains:
  - zlib 1.3.2 *_2
  license: Zlib
  license_family: Other
  size: 63629
  timestamp: 1774072609062
- conda: https://conda.anaconda.org/conda-forge/linux-64/llvm-openmp-22.1.4-h4922eb0_0.conda
  sha256: 40e841ae0a03dfb5eaab6479ba0745b3666c869f5a8d066d42a21615933eeb15
  md5: fa2c5c7f8d5319ab9c9fcbbd04022abf
  depends:
  - __glibc >=2.17,<3.0.a0
  constrains:
  - intel-openmp <0.0a0
  - openmp 22.1.4|22.1.4.*
  license: Apache-2.0 WITH LLVM-exception
  license_family: APACHE
  size: 6118643
  timestamp: 1776845714373
- conda: https://conda.anaconda.org/conda-forge/noarch/sysroot_linux-64-2.28-h4ee821c_9.conda
  sha256: c47299fe37aebb0fcf674b3be588e67e4afb86225be4b0d452c7eb75c086b851
  md5: 13dc3adbc692664cd3beabd216434749
  depends:
  - __glibc >=2.28
  - kernel-headers_linux-64 4.18.0 he073ed8_9
  - tzdata
  license: LGPL-2.0-or-later AND LGPL-2.0-or-later WITH exceptions AND GPL-2.0-or-later
  license_family: GPL
  size: 24008591
  timestamp: 1765578833462
- conda: https://conda.anaconda.org/conda-forge/noarch/tzdata-2025c-hc9c84f9_1.conda
  sha256: 1d30098909076af33a35017eed6f2953af1c769e273a0626a04722ac4acaba3c
  md5: ad659d0a2b3e47e38d829aa8cad2d610
  license: LicenseRef-Public-Domain
  size: 119135
  timestamp: 1767016325805
- conda: https://conda.anaconda.org/conda-forge/linux-64/zstd-1.5.7-hb78ec9c_6.conda
  sha256: 68f0206ca6e98fea941e5717cec780ed2873ffabc0e1ed34428c061e2c6268c7
  md5: 4a13eeac0b5c8e5b8ab496e6c4ddd829
  depends:
  - __glibc >=2.17,<3.0.a0
  - libzlib >=1.3.1,<2.0a0
  license: BSD-3-Clause
  license_family: BSD
  size: 601375
  timestamp: 1764777111296
